// !$*UTF8*$!
{
	archiveVersion = 1;
	classes = {
	};
	objectVersion = 55;
	objects = {

/* Begin PBXBuildFile section */
		94AAC4D027F8D02A00482D31 /* ArtistSearch.swift in Sources */ = {isa = PBXBuildFile; fileRef = 94AAC4CF27F8D02A00482D31 /* ArtistSearch.swift */; };
		94AAC4D227FA3A5C00482D31 /* AlbumSearch.swift in Sources */ = {isa = PBXBuildFile; fileRef = 94AAC4D127FA3A5C00482D31 /* AlbumSearch.swift */; };
		94EE8A8327F1E517004BB110 /* AppDelegate.swift in Sources */ = {isa = PBXBuildFile; fileRef = 94EE8A8227F1E517004BB110 /* AppDelegate.swift */; };
		94EE8A8527F1E517004BB110 /* SceneDelegate.swift in Sources */ = {isa = PBXBuildFile; fileRef = 94EE8A8427F1E517004BB110 /* SceneDelegate.swift */; };
		94EE8A8A27F1E517004BB110 /* Main.storyboard in Resources */ = {isa = PBXBuildFile; fileRef = 94EE8A8827F1E517004BB110 /* Main.storyboard */; };
		94EE8A8C27F1E51A004BB110 /* Assets.xcassets in Resources */ = {isa = PBXBuildFile; fileRef = 94EE8A8B27F1E51A004BB110 /* Assets.xcassets */; };
		94EE8A8F27F1E51A004BB110 /* LaunchScreen.storyboard in Resources */ = {isa = PBXBuildFile; fileRef = 94EE8A8D27F1E51A004BB110 /* LaunchScreen.storyboard */; };
		94EE8A9A27F1E51A004BB110 /* MusicMatchV2Tests.swift in Sources */ = {isa = PBXBuildFile; fileRef = 94EE8A9927F1E51A004BB110 /* MusicMatchV2Tests.swift */; };
		94EE8AA427F1E51B004BB110 /* MusicMatchV2UITests.swift in Sources */ = {isa = PBXBuildFile; fileRef = 94EE8AA327F1E51B004BB110 /* MusicMatchV2UITests.swift */; };
		94EE8AA627F1E51B004BB110 /* MusicMatchV2UITestsLaunchTests.swift in Sources */ = {isa = PBXBuildFile; fileRef = 94EE8AA527F1E51B004BB110 /* MusicMatchV2UITestsLaunchTests.swift */; };
		94EE8AB927F1EB1A004BB110 /* NetworkRequest.swift in Sources */ = {isa = PBXBuildFile; fileRef = 94EE8AB827F1EB1A004BB110 /* NetworkRequest.swift */; };
		94EE8ABB27F1F2CA004BB110 /* MusixMatchAPIClient.swift in Sources */ = {isa = PBXBuildFile; fileRef = 94EE8ABA27F1F2CA004BB110 /* MusixMatchAPIClient.swift */; };
		94EE8ABD27F21CB4004BB110 /* ArtistModel.swift in Sources */ = {isa = PBXBuildFile; fileRef = 94EE8ABC27F21CB4004BB110 /* ArtistModel.swift */; };
		94EE8AC327F22009004BB110 /* Secrets.swift in Sources */ = {isa = PBXBuildFile; fileRef = 94EE8AC227F22009004BB110 /* Secrets.swift */; };
		94EE8AC527F24B9D004BB110 /* HomeView.swift in Sources */ = {isa = PBXBuildFile; fileRef = 94EE8AC427F24B9D004BB110 /* HomeView.swift */; };
/* End PBXBuildFile section */

/* Begin PBXContainerItemProxy section */
		94EE8A9627F1E51A004BB110 /* PBXContainerItemProxy */ = {
			isa = PBXContainerItemProxy;
			containerPortal = 94EE8A7727F1E517004BB110 /* Project object */;
			proxyType = 1;
			remoteGlobalIDString = 94EE8A7E27F1E517004BB110;
			remoteInfo = MusicMatchV2;
		};
		94EE8AA027F1E51B004BB110 /* PBXContainerItemProxy */ = {
			isa = PBXContainerItemProxy;
			containerPortal = 94EE8A7727F1E517004BB110 /* Project object */;
			proxyType = 1;
			remoteGlobalIDString = 94EE8A7E27F1E517004BB110;
			remoteInfo = MusicMatchV2;
		};
/* End PBXContainerItemProxy section */

/* Begin PBXFileReference section */
		94AAC4CF27F8D02A00482D31 /* ArtistSearch.swift */ = {isa = PBXFileReference; lastKnownFileType = sourcecode.swift; path = ArtistSearch.swift; sourceTree = "<group>"; };
		94AAC4D127FA3A5C00482D31 /* AlbumSearch.swift */ = {isa = PBXFileReference; lastKnownFileType = sourcecode.swift; path = AlbumSearch.swift; sourceTree = "<group>"; };
		94EE8A7F27F1E517004BB110 /* MusicMatchV2.app */ = {isa = PBXFileReference; explicitFileType = wrapper.application; includeInIndex = 0; path = MusicMatchV2.app; sourceTree = BUILT_PRODUCTS_DIR; };
		94EE8A8227F1E517004BB110 /* AppDelegate.swift */ = {isa = PBXFileReference; lastKnownFileType = sourcecode.swift; path = AppDelegate.swift; sourceTree = "<group>"; };
		94EE8A8427F1E517004BB110 /* SceneDelegate.swift */ = {isa = PBXFileReference; lastKnownFileType = sourcecode.swift; path = SceneDelegate.swift; sourceTree = "<group>"; };
		94EE8A8927F1E517004BB110 /* Base */ = {isa = PBXFileReference; lastKnownFileType = file.storyboard; name = Base; path = Base.lproj/Main.storyboard; sourceTree = "<group>"; };
		94EE8A8B27F1E51A004BB110 /* Assets.xcassets */ = {isa = PBXFileReference; lastKnownFileType = folder.assetcatalog; path = Assets.xcassets; sourceTree = "<group>"; };
		94EE8A8E27F1E51A004BB110 /* Base */ = {isa = PBXFileReference; lastKnownFileType = file.storyboard; name = Base; path = Base.lproj/LaunchScreen.storyboard; sourceTree = "<group>"; };
		94EE8A9027F1E51A004BB110 /* Info.plist */ = {isa = PBXFileReference; lastKnownFileType = text.plist.xml; path = Info.plist; sourceTree = "<group>"; };
		94EE8A9527F1E51A004BB110 /* MusicMatchV2Tests.xctest */ = {isa = PBXFileReference; explicitFileType = wrapper.cfbundle; includeInIndex = 0; path = MusicMatchV2Tests.xctest; sourceTree = BUILT_PRODUCTS_DIR; };
		94EE8A9927F1E51A004BB110 /* MusicMatchV2Tests.swift */ = {isa = PBXFileReference; lastKnownFileType = sourcecode.swift; path = MusicMatchV2Tests.swift; sourceTree = "<group>"; };
		94EE8A9F27F1E51B004BB110 /* MusicMatchV2UITests.xctest */ = {isa = PBXFileReference; explicitFileType = wrapper.cfbundle; includeInIndex = 0; path = MusicMatchV2UITests.xctest; sourceTree = BUILT_PRODUCTS_DIR; };
		94EE8AA327F1E51B004BB110 /* MusicMatchV2UITests.swift */ = {isa = PBXFileReference; lastKnownFileType = sourcecode.swift; path = MusicMatchV2UITests.swift; sourceTree = "<group>"; };
		94EE8AA527F1E51B004BB110 /* MusicMatchV2UITestsLaunchTests.swift */ = {isa = PBXFileReference; lastKnownFileType = sourcecode.swift; path = MusicMatchV2UITestsLaunchTests.swift; sourceTree = "<group>"; };
		94EE8AB827F1EB1A004BB110 /* NetworkRequest.swift */ = {isa = PBXFileReference; lastKnownFileType = sourcecode.swift; path = NetworkRequest.swift; sourceTree = "<group>"; };
		94EE8ABA27F1F2CA004BB110 /* MusixMatchAPIClient.swift */ = {isa = PBXFileReference; lastKnownFileType = sourcecode.swift; path = MusixMatchAPIClient.swift; sourceTree = "<group>"; };
		94EE8ABC27F21CB4004BB110 /* ArtistModel.swift */ = {isa = PBXFileReference; lastKnownFileType = sourcecode.swift; path = ArtistModel.swift; sourceTree = "<group>"; };
		94EE8AC227F22009004BB110 /* Secrets.swift */ = {isa = PBXFileReference; lastKnownFileType = sourcecode.swift; path = Secrets.swift; sourceTree = "<group>"; };
		94EE8AC427F24B9D004BB110 /* HomeView.swift */ = {isa = PBXFileReference; lastKnownFileType = sourcecode.swift; path = HomeView.swift; sourceTree = "<group>"; };
/* End PBXFileReference section */

/* Begin PBXFrameworksBuildPhase section */
		94EE8A7C27F1E517004BB110 /* Frameworks */ = {
			isa = PBXFrameworksBuildPhase;
			buildActionMask = 2147483647;
			files = (
			);
			runOnlyForDeploymentPostprocessing = 0;
		};
		94EE8A9227F1E51A004BB110 /* Frameworks */ = {
			isa = PBXFrameworksBuildPhase;
			buildActionMask = 2147483647;
			files = (
			);
			runOnlyForDeploymentPostprocessing = 0;
		};
		94EE8A9C27F1E51B004BB110 /* Frameworks */ = {
			isa = PBXFrameworksBuildPhase;
			buildActionMask = 2147483647;
			files = (
			);
			runOnlyForDeploymentPostprocessing = 0;
		};
/* End PBXFrameworksBuildPhase section */

/* Begin PBXGroup section */
		94EE8A7627F1E517004BB110 = {
			isa = PBXGroup;
			children = (
				94EE8A8127F1E517004BB110 /* MusicMatchV2 */,
				94EE8A9827F1E51A004BB110 /* MusicMatchV2Tests */,
				94EE8AA227F1E51B004BB110 /* MusicMatchV2UITests */,
				94EE8A8027F1E517004BB110 /* Products */,
			);
			sourceTree = "<group>";
		};
		94EE8A8027F1E517004BB110 /* Products */ = {
			isa = PBXGroup;
			children = (
				94EE8A7F27F1E517004BB110 /* MusicMatchV2.app */,
				94EE8A9527F1E51A004BB110 /* MusicMatchV2Tests.xctest */,
				94EE8A9F27F1E51B004BB110 /* MusicMatchV2UITests.xctest */,
			);
			name = Products;
			sourceTree = "<group>";
		};
		94EE8A8127F1E517004BB110 /* MusicMatchV2 */ = {
			isa = PBXGroup;
			children = (
				94EE8AC127F21FFC004BB110 /* Secrets */,
				94EE8AB727F1EA96004BB110 /* View Controllers */,
				94EE8AB627F1EA8B004BB110 /* TableView Cells */,
				94EE8AB527F1EA66004BB110 /* Subclass Extensions */,
				94EE8AB427F1EA2E004BB110 /* Models */,
				94EE8AB327F1EA17004BB110 /* URLSession */,
				94EE8AB227F1E9D9004BB110 /* Source Files */,
				94EE8A9027F1E51A004BB110 /* Info.plist */,
			);
			path = MusicMatchV2;
			sourceTree = "<group>";
		};
		94EE8A9827F1E51A004BB110 /* MusicMatchV2Tests */ = {
			isa = PBXGroup;
			children = (
				94EE8A9927F1E51A004BB110 /* MusicMatchV2Tests.swift */,
			);
			path = MusicMatchV2Tests;
			sourceTree = "<group>";
		};
		94EE8AA227F1E51B004BB110 /* MusicMatchV2UITests */ = {
			isa = PBXGroup;
			children = (
				94EE8AA327F1E51B004BB110 /* MusicMatchV2UITests.swift */,
				94EE8AA527F1E51B004BB110 /* MusicMatchV2UITestsLaunchTests.swift */,
			);
			path = MusicMatchV2UITests;
			sourceTree = "<group>";
		};
		94EE8AB227F1E9D9004BB110 /* Source Files */ = {
			isa = PBXGroup;
			children = (
				94EE8A8427F1E517004BB110 /* SceneDelegate.swift */,
				94EE8A8227F1E517004BB110 /* AppDelegate.swift */,
				94EE8A8B27F1E51A004BB110 /* Assets.xcassets */,
				94EE8A8827F1E517004BB110 /* Main.storyboard */,
				94EE8A8D27F1E51A004BB110 /* LaunchScreen.storyboard */,
			);
			path = "Source Files";
			sourceTree = "<group>";
		};
		94EE8AB327F1EA17004BB110 /* URLSession */ = {
			isa = PBXGroup;
			children = (
				94EE8AB827F1EB1A004BB110 /* NetworkRequest.swift */,
				94EE8ABA27F1F2CA004BB110 /* MusixMatchAPIClient.swift */,
			);
			path = URLSession;
			sourceTree = "<group>";
		};
		94EE8AB427F1EA2E004BB110 /* Models */ = {
			isa = PBXGroup;
			children = (
				94EE8ABC27F21CB4004BB110 /* ArtistModel.swift */,
			);
			path = Models;
			sourceTree = "<group>";
		};
		94EE8AB527F1EA66004BB110 /* Subclass Extensions */ = {
			isa = PBXGroup;
			children = (
			);
			path = "Subclass Extensions";
			sourceTree = "<group>";
		};
		94EE8AB627F1EA8B004BB110 /* TableView Cells */ = {
			isa = PBXGroup;
			children = (
			);
			path = "TableView Cells";
			sourceTree = "<group>";
		};
		94EE8AB727F1EA96004BB110 /* View Controllers */ = {
			isa = PBXGroup;
			children = (
				94EE8AC427F24B9D004BB110 /* HomeView.swift */,
				94AAC4CF27F8D02A00482D31 /* ArtistSearch.swift */,
				94AAC4D127FA3A5C00482D31 /* AlbumSearch.swift */,
			);
			path = "View Controllers";
			sourceTree = "<group>";
		};
		94EE8AC127F21FFC004BB110 /* Secrets */ = {
			isa = PBXGroup;
			children = (
				94EE8AC227F22009004BB110 /* Secrets.swift */,
			);
			path = Secrets;
			sourceTree = "<group>";
		};
/* End PBXGroup section */

/* Begin PBXNativeTarget section */
		94EE8A7E27F1E517004BB110 /* MusicMatchV2 */ = {
			isa = PBXNativeTarget;
			buildConfigurationList = 94EE8AA927F1E51B004BB110 /* Build configuration list for PBXNativeTarget "MusicMatchV2" */;
			buildPhases = (
				94EE8A7B27F1E517004BB110 /* Sources */,
				94EE8A7C27F1E517004BB110 /* Frameworks */,
				94EE8A7D27F1E517004BB110 /* Resources */,
			);
			buildRules = (
			);
			dependencies = (
			);
			name = MusicMatchV2;
			productName = MusicMatchV2;
			productReference = 94EE8A7F27F1E517004BB110 /* MusicMatchV2.app */;
			productType = "com.apple.product-type.application";
		};
		94EE8A9427F1E51A004BB110 /* MusicMatchV2Tests */ = {
			isa = PBXNativeTarget;
			buildConfigurationList = 94EE8AAC27F1E51B004BB110 /* Build configuration list for PBXNativeTarget "MusicMatchV2Tests" */;
			buildPhases = (
				94EE8A9127F1E51A004BB110 /* Sources */,
				94EE8A9227F1E51A004BB110 /* Frameworks */,
				94EE8A9327F1E51A004BB110 /* Resources */,
			);
			buildRules = (
			);
			dependencies = (
				94EE8A9727F1E51A004BB110 /* PBXTargetDependency */,
			);
			name = MusicMatchV2Tests;
			productName = MusicMatchV2Tests;
			productReference = 94EE8A9527F1E51A004BB110 /* MusicMatchV2Tests.xctest */;
			productType = "com.apple.product-type.bundle.unit-test";
		};
		94EE8A9E27F1E51B004BB110 /* MusicMatchV2UITests */ = {
			isa = PBXNativeTarget;
			buildConfigurationList = 94EE8AAF27F1E51B004BB110 /* Build configuration list for PBXNativeTarget "MusicMatchV2UITests" */;
			buildPhases = (
				94EE8A9B27F1E51B004BB110 /* Sources */,
				94EE8A9C27F1E51B004BB110 /* Frameworks */,
				94EE8A9D27F1E51B004BB110 /* Resources */,
			);
			buildRules = (
			);
			dependencies = (
				94EE8AA127F1E51B004BB110 /* PBXTargetDependency */,
			);
			name = MusicMatchV2UITests;
			productName = MusicMatchV2UITests;
			productReference = 94EE8A9F27F1E51B004BB110 /* MusicMatchV2UITests.xctest */;
			productType = "com.apple.product-type.bundle.ui-testing";
		};
/* End PBXNativeTarget section */

/* Begin PBXProject section */
		94EE8A7727F1E517004BB110 /* Project object */ = {
			isa = PBXProject;
			attributes = {
				BuildIndependentTargetsInParallel = 1;
				LastSwiftUpdateCheck = 1330;
				LastUpgradeCheck = 1330;
				TargetAttributes = {
					94EE8A7E27F1E517004BB110 = {
						CreatedOnToolsVersion = 13.3;
					};
					94EE8A9427F1E51A004BB110 = {
						CreatedOnToolsVersion = 13.3;
						TestTargetID = 94EE8A7E27F1E517004BB110;
					};
					94EE8A9E27F1E51B004BB110 = {
						CreatedOnToolsVersion = 13.3;
						TestTargetID = 94EE8A7E27F1E517004BB110;
					};
				};
			};
			buildConfigurationList = 94EE8A7A27F1E517004BB110 /* Build configuration list for PBXProject "MusicMatchV2" */;
			compatibilityVersion = "Xcode 13.0";
			developmentRegion = en;
			hasScannedForEncodings = 0;
			knownRegions = (
				en,
				Base,
			);
			mainGroup = 94EE8A7627F1E517004BB110;
			productRefGroup = 94EE8A8027F1E517004BB110 /* Products */;
			projectDirPath = "";
			projectRoot = "";
			targets = (
				94EE8A7E27F1E517004BB110 /* MusicMatchV2 */,
				94EE8A9427F1E51A004BB110 /* MusicMatchV2Tests */,
				94EE8A9E27F1E51B004BB110 /* MusicMatchV2UITests */,
			);
		};
/* End PBXProject section */

/* Begin PBXResourcesBuildPhase section */
		94EE8A7D27F1E517004BB110 /* Resources */ = {
			isa = PBXResourcesBuildPhase;
			buildActionMask = 2147483647;
			files = (
				94EE8A8F27F1E51A004BB110 /* LaunchScreen.storyboard in Resources */,
				94EE8A8C27F1E51A004BB110 /* Assets.xcassets in Resources */,
				94EE8A8A27F1E517004BB110 /* Main.storyboard in Resources */,
			);
			runOnlyForDeploymentPostprocessing = 0;
		};
		94EE8A9327F1E51A004BB110 /* Resources */ = {
			isa = PBXResourcesBuildPhase;
			buildActionMask = 2147483647;
			files = (
			);
			runOnlyForDeploymentPostprocessing = 0;
		};
		94EE8A9D27F1E51B004BB110 /* Resources */ = {
			isa = PBXResourcesBuildPhase;
			buildActionMask = 2147483647;
			files = (
			);
			runOnlyForDeploymentPostprocessing = 0;
		};
/* End PBXResourcesBuildPhase section */

/* Begin PBXSourcesBuildPhase section */
		94EE8A7B27F1E517004BB110 /* Sources */ = {
			isa = PBXSourcesBuildPhase;
			buildActionMask = 2147483647;
			files = (
				94EE8ABB27F1F2CA004BB110 /* MusixMatchAPIClient.swift in Sources */,
				94EE8AC527F24B9D004BB110 /* HomeView.swift in Sources */,
				94AAC4D027F8D02A00482D31 /* ArtistSearch.swift in Sources */,
				94EE8AC327F22009004BB110 /* Secrets.swift in Sources */,
				94EE8A8327F1E517004BB110 /* AppDelegate.swift in Sources */,
				94EE8ABD27F21CB4004BB110 /* ArtistModel.swift in Sources */,
				94EE8AB927F1EB1A004BB110 /* NetworkRequest.swift in Sources */,
				94EE8A8527F1E517004BB110 /* SceneDelegate.swift in Sources */,
				94AAC4D227FA3A5C00482D31 /* AlbumSearch.swift in Sources */,
			);
			runOnlyForDeploymentPostprocessing = 0;
		};
		94EE8A9127F1E51A004BB110 /* Sources */ = {
			isa = PBXSourcesBuildPhase;
			buildActionMask = 2147483647;
			files = (
				94EE8A9A27F1E51A004BB110 /* MusicMatchV2Tests.swift in Sources */,
			);
			runOnlyForDeploymentPostprocessing = 0;
		};
		94EE8A9B27F1E51B004BB110 /* Sources */ = {
			isa = PBXSourcesBuildPhase;
			buildActionMask = 2147483647;
			files = (
				94EE8AA627F1E51B004BB110 /* MusicMatchV2UITestsLaunchTests.swift in Sources */,
				94EE8AA427F1E51B004BB110 /* MusicMatchV2UITests.swift in Sources */,
			);
			runOnlyForDeploymentPostprocessing = 0;
		};
/* End PBXSourcesBuildPhase section */

/* Begin PBXTargetDependency section */
		94EE8A9727F1E51A004BB110 /* PBXTargetDependency */ = {
			isa = PBXTargetDependency;
			target = 94EE8A7E27F1E517004BB110 /* MusicMatchV2 */;
			targetProxy = 94EE8A9627F1E51A004BB110 /* PBXContainerItemProxy */;
		};
		94EE8AA127F1E51B004BB110 /* PBXTargetDependency */ = {
			isa = PBXTargetDependency;
			target = 94EE8A7E27F1E517004BB110 /* MusicMatchV2 */;
			targetProxy = 94EE8AA027F1E51B004BB110 /* PBXContainerItemProxy */;
		};
/* End PBXTargetDependency section */

/* Begin PBXVariantGroup section */
		94EE8A8827F1E517004BB110 /* Main.storyboard */ = {
			isa = PBXVariantGroup;
			children = (
				94EE8A8927F1E517004BB110 /* Base */,
			);
			name = Main.storyboard;
			sourceTree = "<group>";
		};
		94EE8A8D27F1E51A004BB110 /* LaunchScreen.storyboard */ = {
			isa = PBXVariantGroup;
			children = (
				94EE8A8E27F1E51A004BB110 /* Base */,
			);
			name = LaunchScreen.storyboard;
			sourceTree = "<group>";
		};
/* End PBXVariantGroup section */

/* Begin XCBuildConfiguration section */
		94EE8AA727F1E51B004BB110 /* Debug */ = {
			isa = XCBuildConfiguration;
			buildSettings = {
				ALWAYS_SEARCH_USER_PATHS = NO;
				CLANG_ANALYZER_NONNULL = YES;
				CLANG_ANALYZER_NUMBER_OBJECT_CONVERSION = YES_AGGRESSIVE;
				CLANG_CXX_LANGUAGE_STANDARD = "gnu++17";
				CLANG_ENABLE_MODULES = YES;
				CLANG_ENABLE_OBJC_ARC = YES;
				CLANG_ENABLE_OBJC_WEAK = YES;
				CLANG_WARN_BLOCK_CAPTURE_AUTORELEASING = YES;
				CLANG_WARN_BOOL_CONVERSION = YES;
				CLANG_WARN_COMMA = YES;
				CLANG_WARN_CONSTANT_CONVERSION = YES;
				CLANG_WARN_DEPRECATED_OBJC_IMPLEMENTATIONS = YES;
				CLANG_WARN_DIRECT_OBJC_ISA_USAGE = YES_ERROR;
				CLANG_WARN_DOCUMENTATION_COMMENTS = YES;
				CLANG_WARN_EMPTY_BODY = YES;
				CLANG_WARN_ENUM_CONVERSION = YES;
				CLANG_WARN_INFINITE_RECURSION = YES;
				CLANG_WARN_INT_CONVERSION = YES;
				CLANG_WARN_NON_LITERAL_NULL_CONVERSION = YES;
				CLANG_WARN_OBJC_IMPLICIT_RETAIN_SELF = YES;
				CLANG_WARN_OBJC_LITERAL_CONVERSION = YES;
				CLANG_WARN_OBJC_ROOT_CLASS = YES_ERROR;
				CLANG_WARN_QUOTED_INCLUDE_IN_FRAMEWORK_HEADER = YES;
				CLANG_WARN_RANGE_LOOP_ANALYSIS = YES;
				CLANG_WARN_STRICT_PROTOTYPES = YES;
				CLANG_WARN_SUSPICIOUS_MOVE = YES;
				CLANG_WARN_UNGUARDED_AVAILABILITY = YES_AGGRESSIVE;
				CLANG_WARN_UNREACHABLE_CODE = YES;
				CLANG_WARN__DUPLICATE_METHOD_MATCH = YES;
				COPY_PHASE_STRIP = NO;
				DEBUG_INFORMATION_FORMAT = dwarf;
				ENABLE_STRICT_OBJC_MSGSEND = YES;
				ENABLE_TESTABILITY = YES;
				GCC_C_LANGUAGE_STANDARD = gnu11;
				GCC_DYNAMIC_NO_PIC = NO;
				GCC_NO_COMMON_BLOCKS = YES;
				GCC_OPTIMIZATION_LEVEL = 0;
				GCC_PREPROCESSOR_DEFINITIONS = (
					"DEBUG=1",
					"$(inherited)",
				);
				GCC_WARN_64_TO_32_BIT_CONVERSION = YES;
				GCC_WARN_ABOUT_RETURN_TYPE = YES_ERROR;
				GCC_WARN_UNDECLARED_SELECTOR = YES;
				GCC_WARN_UNINITIALIZED_AUTOS = YES_AGGRESSIVE;
				GCC_WARN_UNUSED_FUNCTION = YES;
				GCC_WARN_UNUSED_VARIABLE = YES;
				IPHONEOS_DEPLOYMENT_TARGET = 15.4;
				MTL_ENABLE_DEBUG_INFO = INCLUDE_SOURCE;
				MTL_FAST_MATH = YES;
				ONLY_ACTIVE_ARCH = YES;
				SDKROOT = iphoneos;
				SWIFT_ACTIVE_COMPILATION_CONDITIONS = DEBUG;
				SWIFT_OPTIMIZATION_LEVEL = "-Onone";
			};
			name = Debug;
		};
		94EE8AA827F1E51B004BB110 /* Release */ = {
			isa = XCBuildConfiguration;
			buildSettings = {
				ALWAYS_SEARCH_USER_PATHS = NO;
				CLANG_ANALYZER_NONNULL = YES;
				CLANG_ANALYZER_NUMBER_OBJECT_CONVERSION = YES_AGGRESSIVE;
				CLANG_CXX_LANGUAGE_STANDARD = "gnu++17";
				CLANG_ENABLE_MODULES = YES;
				CLANG_ENABLE_OBJC_ARC = YES;
				CLANG_ENABLE_OBJC_WEAK = YES;
				CLANG_WARN_BLOCK_CAPTURE_AUTORELEASING = YES;
				CLANG_WARN_BOOL_CONVERSION = YES;
				CLANG_WARN_COMMA = YES;
				CLANG_WARN_CONSTANT_CONVERSION = YES;
				CLANG_WARN_DEPRECATED_OBJC_IMPLEMENTATIONS = YES;
				CLANG_WARN_DIRECT_OBJC_ISA_USAGE = YES_ERROR;
				CLANG_WARN_DOCUMENTATION_COMMENTS = YES;
				CLANG_WARN_EMPTY_BODY = YES;
				CLANG_WARN_ENUM_CONVERSION = YES;
				CLANG_WARN_INFINITE_RECURSION = YES;
				CLANG_WARN_INT_CONVERSION = YES;
				CLANG_WARN_NON_LITERAL_NULL_CONVERSION = YES;
				CLANG_WARN_OBJC_IMPLICIT_RETAIN_SELF = YES;
				CLANG_WARN_OBJC_LITERAL_CONVERSION = YES;
				CLANG_WARN_OBJC_ROOT_CLASS = YES_ERROR;
				CLANG_WARN_QUOTED_INCLUDE_IN_FRAMEWORK_HEADER = YES;
				CLANG_WARN_RANGE_LOOP_ANALYSIS = YES;
				CLANG_WARN_STRICT_PROTOTYPES = YES;
				CLANG_WARN_SUSPICIOUS_MOVE = YES;
				CLANG_WARN_UNGUARDED_AVAILABILITY = YES_AGGRESSIVE;
				CLANG_WARN_UNREACHABLE_CODE = YES;
				CLANG_WARN__DUPLICATE_METHOD_MATCH = YES;
				COPY_PHASE_STRIP = NO;
				DEBUG_INFORMATION_FORMAT = "dwarf-with-dsym";
				ENABLE_NS_ASSERTIONS = NO;
				ENABLE_STRICT_OBJC_MSGSEND = YES;
				GCC_C_LANGUAGE_STANDARD = gnu11;
				GCC_NO_COMMON_BLOCKS = YES;
				GCC_WARN_64_TO_32_BIT_CONVERSION = YES;
				GCC_WARN_ABOUT_RETURN_TYPE = YES_ERROR;
				GCC_WARN_UNDECLARED_SELECTOR = YES;
				GCC_WARN_UNINITIALIZED_AUTOS = YES_AGGRESSIVE;
				GCC_WARN_UNUSED_FUNCTION = YES;
				GCC_WARN_UNUSED_VARIABLE = YES;
				IPHONEOS_DEPLOYMENT_TARGET = 15.4;
				MTL_ENABLE_DEBUG_INFO = NO;
				MTL_FAST_MATH = YES;
				SDKROOT = iphoneos;
				SWIFT_COMPILATION_MODE = wholemodule;
				SWIFT_OPTIMIZATION_LEVEL = "-O";
				VALIDATE_PRODUCT = YES;
			};
			name = Release;
		};
		94EE8AAA27F1E51B004BB110 /* Debug */ = {
			isa = XCBuildConfiguration;
			buildSettings = {
				ASSETCATALOG_COMPILER_APPICON_NAME = AppIcon;
				ASSETCATALOG_COMPILER_GLOBAL_ACCENT_COLOR_NAME = AccentColor;
				CODE_SIGN_STYLE = Automatic;
				CURRENT_PROJECT_VERSION = 1;
				DEVELOPMENT_TEAM = Z4V4D6Q5VP;
				GENERATE_INFOPLIST_FILE = YES;
				INFOPLIST_FILE = MusicMatchV2/Info.plist;
				INFOPLIST_KEY_UIApplicationSupportsIndirectInputEvents = YES;
				INFOPLIST_KEY_UILaunchStoryboardName = LaunchScreen;
				INFOPLIST_KEY_UIMainStoryboardFile = Main;
				INFOPLIST_KEY_UISupportedInterfaceOrientations_iPad = "UIInterfaceOrientationPortrait UIInterfaceOrientationPortraitUpsideDown UIInterfaceOrientationLandscapeLeft UIInterfaceOrientationLandscapeRight";
				INFOPLIST_KEY_UISupportedInterfaceOrientations_iPhone = "UIInterfaceOrientationPortrait UIInterfaceOrientationLandscapeLeft UIInterfaceOrientationLandscapeRight";
				LD_RUNPATH_SEARCH_PATHS = (
					"$(inherited)",
					"@executable_path/Frameworks",
				);
				MARKETING_VERSION = 1.0;
				PRODUCT_BUNDLE_IDENTIFIER = com.books.MusicMatchV2;
				PRODUCT_NAME = "$(TARGET_NAME)";
				SWIFT_EMIT_LOC_STRINGS = YES;
				SWIFT_VERSION = 5.0;
				TARGETED_DEVICE_FAMILY = "1,2";
			};
			name = Debug;
		};
		94EE8AAB27F1E51B004BB110 /* Release */ = {
			isa = XCBuildConfiguration;
			buildSettings = {
				ASSETCATALOG_COMPILER_APPICON_NAME = AppIcon;
				ASSETCATALOG_COMPILER_GLOBAL_ACCENT_COLOR_NAME = AccentColor;
				CODE_SIGN_STYLE = Automatic;
				CURRENT_PROJECT_VERSION = 1;
				DEVELOPMENT_TEAM = Z4V4D6Q5VP;
				GENERATE_INFOPLIST_FILE = YES;
				INFOPLIST_FILE = MusicMatchV2/Info.plist;
				INFOPLIST_KEY_UIApplicationSupportsIndirectInputEvents = YES;
				INFOPLIST_KEY_UILaunchStoryboardName = LaunchScreen;
				INFOPLIST_KEY_UIMainStoryboardFile = Main;
				INFOPLIST_KEY_UISupportedInterfaceOrientations_iPad = "UIInterfaceOrientationPortrait UIInterfaceOrientationPortraitUpsideDown UIInterfaceOrientationLandscapeLeft UIInterfaceOrientationLandscapeRight";
				INFOPLIST_KEY_UISupportedInterfaceOrientations_iPhone = "UIInterfaceOrientationPortrait UIInterfaceOrientationLandscapeLeft UIInterfaceOrientationLandscapeRight";
				LD_RUNPATH_SEARCH_PATHS = (
					"$(inherited)",
					"@executable_path/Frameworks",
				);
				MARKETING_VERSION = 1.0;
				PRODUCT_BUNDLE_IDENTIFIER = com.books.MusicMatchV2;
				PRODUCT_NAME = "$(TARGET_NAME)";
				SWIFT_EMIT_LOC_STRINGS = YES;
				SWIFT_VERSION = 5.0;
				TARGETED_DEVICE_FAMILY = "1,2";
			};
			name = Release;
		};
		94EE8AAD27F1E51B004BB110 /* Debug */ = {
			isa = XCBuildConfiguration;
			buildSettings = {
				ALWAYS_EMBED_SWIFT_STANDARD_LIBRARIES = YES;
				BUNDLE_LOADER = "$(TEST_HOST)";
				CODE_SIGN_STYLE = Automatic;
				CURRENT_PROJECT_VERSION = 1;
				DEVELOPMENT_TEAM = Z4V4D6Q5VP;
				GENERATE_INFOPLIST_FILE = YES;
				IPHONEOS_DEPLOYMENT_TARGET = 15.4;
				MARKETING_VERSION = 1.0;
				PRODUCT_BUNDLE_IDENTIFIER = com.books.MusicMatchV2Tests;
				PRODUCT_NAME = "$(TARGET_NAME)";
				SWIFT_EMIT_LOC_STRINGS = NO;
				SWIFT_VERSION = 5.0;
				TARGETED_DEVICE_FAMILY = "1,2";
				TEST_HOST = "$(BUILT_PRODUCTS_DIR)/MusicMatchV2.app/MusicMatchV2";
			};
			name = Debug;
		};
		94EE8AAE27F1E51B004BB110 /* Release */ = {
			isa = XCBuildConfiguration;
			buildSettings = {
				ALWAYS_EMBED_SWIFT_STANDARD_LIBRARIES = YES;
				BUNDLE_LOADER = "$(TEST_HOST)";
				CODE_SIGN_STYLE = Automatic;
				CURRENT_PROJECT_VERSION = 1;
				DEVELOPMENT_TEAM = Z4V4D6Q5VP;
				GENERATE_INFOPLIST_FILE = YES;
				IPHONEOS_DEPLOYMENT_TARGET = 15.4;
				MARKETING_VERSION = 1.0;
				PRODUCT_BUNDLE_IDENTIFIER = com.books.MusicMatchV2Tests;
				PRODUCT_NAME = "$(TARGET_NAME)";
				SWIFT_EMIT_LOC_STRINGS = NO;
				SWIFT_VERSION = 5.0;
				TARGETED_DEVICE_FAMILY = "1,2";
				TEST_HOST = "$(BUILT_PRODUCTS_DIR)/MusicMatchV2.app/MusicMatchV2";
			};
			name = Release;
		};
		94EE8AB027F1E51B004BB110 /* Debug */ = {
			isa = XCBuildConfiguration;
			buildSettings = {
				ALWAYS_EMBED_SWIFT_STANDARD_LIBRARIES = YES;
				CODE_SIGN_STYLE = Automatic;
				CURRENT_PROJECT_VERSION = 1;
				DEVELOPMENT_TEAM = Z4V4D6Q5VP;
				GENERATE_INFOPLIST_FILE = YES;
				MARKETING_VERSION = 1.0;
				PRODUCT_BUNDLE_IDENTIFIER = com.books.MusicMatchV2UITests;
				PRODUCT_NAME = "$(TARGET_NAME)";
				SWIFT_EMIT_LOC_STRINGS = NO;
				SWIFT_VERSION = 5.0;
				TARGETED_DEVICE_FAMILY = "1,2";
				TEST_TARGET_NAME = MusicMatchV2;
			};
			name = Debug;
		};
		94EE8AB127F1E51B004BB110 /* Release */ = {
			isa = XCBuildConfiguration;
			buildSettings = {
				ALWAYS_EMBED_SWIFT_STANDARD_LIBRARIES = YES;
				CODE_SIGN_STYLE = Automatic;
				CURRENT_PROJECT_VERSION = 1;
				DEVELOPMENT_TEAM = Z4V4D6Q5VP;
				GENERATE_INFOPLIST_FILE = YES;
				MARKETING_VERSION = 1.0;
				PRODUCT_BUNDLE_IDENTIFIER = com.books.MusicMatchV2UITests;
				PRODUCT_NAME = "$(TARGET_NAME)";
				SWIFT_EMIT_LOC_STRINGS = NO;
				SWIFT_VERSION = 5.0;
				TARGETED_DEVICE_FAMILY = "1,2";
				TEST_TARGET_NAME = MusicMatchV2;
			};
			name = Release;
		};
/* End XCBuildConfiguration section */

/* Begin XCConfigurationList section */
		94EE8A7A27F1E517004BB110 /* Build configuration list for PBXProject "MusicMatchV2" */ = {
			isa = XCConfigurationList;
			buildConfigurations = (
				94EE8AA727F1E51B004BB110 /* Debug */,
				94EE8AA827F1E51B004BB110 /* Release */,
			);
			defaultConfigurationIsVisible = 0;
			defaultConfigurationName = Release;
		};
		94EE8AA927F1E51B004BB110 /* Build configuration list for PBXNativeTarget "MusicMatchV2" */ = {
			isa = XCConfigurationList;
			buildConfigurations = (
				94EE8AAA27F1E51B004BB110 /* Debug */,
				94EE8AAB27F1E51B004BB110 /* Release */,
			);
			defaultConfigurationIsVisible = 0;
			defaultConfigurationName = Release;
		};
		94EE8AAC27F1E51B004BB110 /* Build configuration list for PBXNativeTarget "MusicMatchV2Tests" */ = {
			isa = XCConfigurationList;
			buildConfigurations = (
				94EE8AAD27F1E51B004BB110 /* Debug */,
				94EE8AAE27F1E51B004BB110 /* Release */,
			);
			defaultConfigurationIsVisible = 0;
			defaultConfigurationName = Release;
		};
		94EE8AAF27F1E51B004BB110 /* Build configuration list for PBXNativeTarget "MusicMatchV2UITests" */ = {
			isa = XCConfigurationList;
			buildConfigurations = (
				94EE8AB027F1E51B004BB110 /* Debug */,
				94EE8AB127F1E51B004BB110 /* Release */,
			);
			defaultConfigurationIsVisible = 0;
			defaultConfigurationName = Release;
		};
/* End XCConfigurationList section */
	};
	rootObject = 94EE8A7727F1E517004BB110 /* Project object */;
}
